// !$*UTF8*$!
{
	archiveVersion = 1;
	classes = {
	};
	objectVersion = 46;
	objects = {

/* Begin PBXBuildFile section */
		F19A49B51ACE06AF00C292A3 /* FSQMessageForwarder.m in Sources */ = {isa = PBXBuildFile; fileRef = F19A49B31ACE06AF00C292A3 /* FSQMessageForwarder.m */; };
		F1C23B9F1ACE065A00ABBF77 /* main.m in Sources */ = {isa = PBXBuildFile; fileRef = F1C23B9E1ACE065A00ABBF77 /* main.m */; };
		F1C23BA21ACE065B00ABBF77 /* AppDelegate.m in Sources */ = {isa = PBXBuildFile; fileRef = F1C23BA11ACE065B00ABBF77 /* AppDelegate.m */; };
		F1C23BAA1ACE065B00ABBF77 /* Images.xcassets in Resources */ = {isa = PBXBuildFile; fileRef = F1C23BA91ACE065B00ABBF77 /* Images.xcassets */; };
/* End PBXBuildFile section */

/* Begin PBXFileReference section */
		F19A49B31ACE06AF00C292A3 /* FSQMessageForwarder.m */ = {isa = PBXFileReference; fileEncoding = 4; lastKnownFileType = sourcecode.c.objc; name = FSQMessageForwarder.m; path = ../../FSQMessageForwarder.m; sourceTree = "<group>"; };
		F19A49B41ACE06AF00C292A3 /* FSQMessageForwarder.h */ = {isa = PBXFileReference; fileEncoding = 4; lastKnownFileType = sourcecode.c.h; name = FSQMessageForwarder.h; path = ../../FSQMessageForwarder.h; sourceTree = "<group>"; };
		F1C23B991ACE065A00ABBF77 /* FSQMessageForwarderTest.app */ = {isa = PBXFileReference; explicitFileType = wrapper.application; includeInIndex = 0; path = FSQMessageForwarderTest.app; sourceTree = BUILT_PRODUCTS_DIR; };
		F1C23B9D1ACE065A00ABBF77 /* Info.plist */ = {isa = PBXFileReference; lastKnownFileType = text.plist.xml; path = Info.plist; sourceTree = "<group>"; };
		F1C23B9E1ACE065A00ABBF77 /* main.m */ = {isa = PBXFileReference; lastKnownFileType = sourcecode.c.objc; path = main.m; sourceTree = "<group>"; };
		F1C23BA01ACE065A00ABBF77 /* AppDelegate.h */ = {isa = PBXFileReference; lastKnownFileType = sourcecode.c.h; path = AppDelegate.h; sourceTree = "<group>"; };
		F1C23BA11ACE065B00ABBF77 /* AppDelegate.m */ = {isa = PBXFileReference; lastKnownFileType = sourcecode.c.objc; path = AppDelegate.m; sourceTree = "<group>"; };
		F1C23BA91ACE065B00ABBF77 /* Images.xcassets */ = {isa = PBXFileReference; lastKnownFileType = folder.assetcatalog; path = Images.xcassets; sourceTree = "<group>"; };
/* End PBXFileReference section */

/* Begin PBXFrameworksBuildPhase section */
		F1C23B961ACE065A00ABBF77 /* Frameworks */ = {
			isa = PBXFrameworksBuildPhase;
			buildActionMask = 2147483647;
			files = (
			);
			runOnlyForDeploymentPostprocessing = 0;
		};
/* End PBXFrameworksBuildPhase section */

/* Begin PBXGroup section */
		F1C23B901ACE065A00ABBF77 = {
			isa = PBXGroup;
			children = (
				F1C23B9B1ACE065A00ABBF77 /* FSQMessageForwarderTest */,
				F1C23B9A1ACE065A00ABBF77 /* Products */,
			);
			sourceTree = "<group>";
		};
		F1C23B9A1ACE065A00ABBF77 /* Products */ = {
			isa = PBXGroup;
			children = (
				F1C23B991ACE065A00ABBF77 /* FSQMessageForwarderTest.app */,
			);
			name = Products;
			sourceTree = "<group>";
		};
		F1C23B9B1ACE065A00ABBF77 /* FSQMessageForwarderTest */ = {
			isa = PBXGroup;
			children = (
				F1C23BA01ACE065A00ABBF77 /* AppDelegate.h */,
				F1C23BA11ACE065B00ABBF77 /* AppDelegate.m */,
				F19A49B41ACE06AF00C292A3 /* FSQMessageForwarder.h */,
				F19A49B31ACE06AF00C292A3 /* FSQMessageForwarder.m */,
				F1C23BA91ACE065B00ABBF77 /* Images.xcassets */,
				F1C23B9C1ACE065A00ABBF77 /* Supporting Files */,
			);
			path = FSQMessageForwarderTest;
			sourceTree = "<group>";
		};
		F1C23B9C1ACE065A00ABBF77 /* Supporting Files */ = {
			isa = PBXGroup;
			children = (
				F1C23B9D1ACE065A00ABBF77 /* Info.plist */,
				F1C23B9E1ACE065A00ABBF77 /* main.m */,
			);
			name = "Supporting Files";
			sourceTree = "<group>";
		};
/* End PBXGroup section */

/* Begin PBXNativeTarget section */
		F1C23B981ACE065A00ABBF77 /* FSQMessageForwarderTest */ = {
			isa = PBXNativeTarget;
			buildConfigurationList = F1C23BBC1ACE065B00ABBF77 /* Build configuration list for PBXNativeTarget "FSQMessageForwarderTest" */;
			buildPhases = (
				F1C23B951ACE065A00ABBF77 /* Sources */,
				F1C23B961ACE065A00ABBF77 /* Frameworks */,
				F1C23B971ACE065A00ABBF77 /* Resources */,
			);
			buildRules = (
			);
			dependencies = (
			);
			name = FSQMessageForwarderTest;
			productName = FSQMessageForwarderTest;
			productReference = F1C23B991ACE065A00ABBF77 /* FSQMessageForwarderTest.app */;
			productType = "com.apple.product-type.application";
		};
/* End PBXNativeTarget section */

/* Begin PBXProject section */
		F1C23B911ACE065A00ABBF77 /* Project object */ = {
			isa = PBXProject;
			attributes = {
				LastUpgradeCheck = 0620;
				ORGANIZATIONNAME = Foursquare;
				TargetAttributes = {
					F1C23B981ACE065A00ABBF77 = {
						CreatedOnToolsVersion = 6.2;
					};
				};
			};
			buildConfigurationList = F1C23B941ACE065A00ABBF77 /* Build configuration list for PBXProject "FSQMessageForwarderTest" */;
			compatibilityVersion = "Xcode 3.2";
			developmentRegion = English;
			hasScannedForEncodings = 0;
			knownRegions = (
				en,
				Base,
			);
			mainGroup = F1C23B901ACE065A00ABBF77;
			productRefGroup = F1C23B9A1ACE065A00ABBF77 /* Products */;
			projectDirPath = "";
			projectRoot = "";
			targets = (
				F1C23B981ACE065A00ABBF77 /* FSQMessageForwarderTest */,
			);
		};
/* End PBXProject section */

/* Begin PBXResourcesBuildPhase section */
		F1C23B971ACE065A00ABBF77 /* Resources */ = {
			isa = PBXResourcesBuildPhase;
			buildActionMask = 2147483647;
			files = (
				F1C23BAA1ACE065B00ABBF77 /* Images.xcassets in Resources */,
			);
			runOnlyForDeploymentPostprocessing = 0;
		};
/* End PBXResourcesBuildPhase section */

/* Begin PBXSourcesBuildPhase section */
		F1C23B951ACE065A00ABBF77 /* Sources */ = {
			isa = PBXSourcesBuildPhase;
			buildActionMask = 2147483647;
			files = (
				F1C23BA21ACE065B00ABBF77 /* AppDelegate.m in Sources */,
				F19A49B51ACE06AF00C292A3 /* FSQMessageForwarder.m in Sources */,
				F1C23B9F1ACE065A00ABBF77 /* main.m in Sources */,
			);
			runOnlyForDeploymentPostprocessing = 0;
		};
/* End PBXSourcesBuildPhase section */

/* Begin XCBuildConfiguration section */
		F1C23BBA1ACE065B00ABBF77 /* Debug */ = {
			isa = XCBuildConfiguration;
			buildSettings = {
				ALWAYS_SEARCH_USER_PATHS = NO;
				CLANG_CXX_LANGUAGE_STANDARD = "gnu++0x";
				CLANG_CXX_LIBRARY = "libc++";
				CLANG_ENABLE_MODULES = YES;
				CLANG_ENABLE_OBJC_ARC = YES;
				CLANG_WARN_BOOL_CONVERSION = YES;
				CLANG_WARN_CONSTANT_CONVERSION = YES;
				CLANG_WARN_DIRECT_OBJC_ISA_USAGE = YES_ERROR;
				CLANG_WARN_EMPTY_BODY = YES;
				CLANG_WARN_ENUM_CONVERSION = YES;
				CLANG_WARN_INT_CONVERSION = YES;
				CLANG_WARN_OBJC_ROOT_CLASS = YES_ERROR;
				CLANG_WARN_UNREACHABLE_CODE = YES;
				CLANG_WARN__DUPLICATE_METHOD_MATCH = YES;
				"CODE_SIGN_IDENTITY[sdk=iphoneos*]" = "iPhone Developer";
				COPY_PHASE_STRIP = NO;
				ENABLE_STRICT_OBJC_MSGSEND = YES;
				GCC_C_LANGUAGE_STANDARD = gnu99;
				GCC_DYNAMIC_NO_PIC = NO;
				GCC_OPTIMIZATION_LEVEL = 0;
				GCC_PREPROCESSOR_DEFINITIONS = (
					"DEBUG=1",
					"$(inherited)",
				);
				GCC_SYMBOLS_PRIVATE_EXTERN = NO;
				GCC_WARN_64_TO_32_BIT_CONVERSION = YES;
				GCC_WARN_ABOUT_RETURN_TYPE = YES_ERROR;
				GCC_WARN_UNDECLARED_SELECTOR = YES;
				GCC_WARN_UNINITIALIZED_AUTOS = YES_AGGRESSIVE;
				GCC_WARN_UNUSED_FUNCTION = YES;
				GCC_WARN_UNUSED_VARIABLE = YES;
				IPHONEOS_DEPLOYMENT_TARGET = 8.2;
				MTL_ENABLE_DEBUG_INFO = YES;
				ONLY_ACTIVE_ARCH = YES;
				SDKROOT = iphoneos;
			};
			name = Debug;
		};
		F1C23BBB1ACE065B00ABBF77 /* Release */ = {
			isa = XCBuildConfiguration;
			buildSettings = {
				ALWAYS_SEARCH_USER_PATHS = NO;
				CLANG_CXX_LANGUAGE_STANDARD = "gnu++0x";
				CLANG_CXX_LIBRARY = "libc++";
				CLANG_ENABLE_MODULES = YES;
				CLANG_ENABLE_OBJC_ARC = YES;
				CLANG_WARN_BOOL_CONVERSION = YES;
				CLANG_WARN_CONSTANT_CONVERSION = YES;
				CLANG_WARN_DIRECT_OBJC_ISA_USAGE = YES_ERROR;
				CLANG_WARN_EMPTY_BODY = YES;
				CLANG_WARN_ENUM_CONVERSION = YES;
				CLANG_WARN_INT_CONVERSION = YES;
				CLANG_WARN_OBJC_ROOT_CLASS = YES_ERROR;
				CLANG_WARN_UNREACHABLE_CODE = YES;
				CLANG_WARN__DUPLICATE_METHOD_MATCH = YES;
				"CODE_SIGN_IDENTITY[sdk=iphoneos*]" = "iPhone Developer";
				COPY_PHASE_STRIP = NO;
				ENABLE_NS_ASSERTIONS = NO;
				ENABLE_STRICT_OBJC_MSGSEND = YES;
				GCC_C_LANGUAGE_STANDARD = gnu99;
				GCC_WARN_64_TO_32_BIT_CONVERSION = YES;
				GCC_WARN_ABOUT_RETURN_TYPE = YES_ERROR;
				GCC_WARN_UNDECLARED_SELECTOR = YES;
				GCC_WARN_UNINITIALIZED_AUTOS = YES_AGGRESSIVE;
				GCC_WARN_UNUSED_FUNCTION = YES;
				GCC_WARN_UNUSED_VARIABLE = YES;
				IPHONEOS_DEPLOYMENT_TARGET = 8.2;
				MTL_ENABLE_DEBUG_INFO = NO;
				SDKROOT = iphoneos;
				VALIDATE_PRODUCT = YES;
			};
			name = Release;
		};
		F1C23BBD1ACE065B00ABBF77 /* Debug */ = {
			isa = XCBuildConfiguration;
			buildSettings = {
				ASSETCATALOG_COMPILER_APPICON_NAME = AppIcon;
				INFOPLIST_FILE = FSQMessageForwarderTest/Info.plist;
				LD_RUNPATH_SEARCH_PATHS = "$(inherited) @executable_path/Frameworks";
				PRODUCT_NAME = "$(TARGET_NAME)";
			};
			name = Debug;
		};
		F1C23BBE1ACE065B00ABBF77 /* Release */ = {
			isa = XCBuildConfiguration;
			buildSettings = {
				ASSETCATALOG_COMPILER_APPICON_NAME = AppIcon;
				INFOPLIST_FILE = FSQMessageForwarderTest/Info.plist;
				LD_RUNPATH_SEARCH_PATHS = "$(inherited) @executable_path/Frameworks";
				PRODUCT_NAME = "$(TARGET_NAME)";
			};
			name = Release;
		};
/* End XCBuildConfiguration section */

/* Begin XCConfigurationList section */
		F1C23B941ACE065A00ABBF77 /* Build configuration list for PBXProject "FSQMessageForwarderTest" */ = {
			isa = XCConfigurationList;
			buildConfigurations = (
				F1C23BBA1ACE065B00ABBF77 /* Debug */,
				F1C23BBB1ACE065B00ABBF77 /* Release */,
			);
			defaultConfigurationIsVisible = 0;
			defaultConfigurationName = Release;
		};
		F1C23BBC1ACE065B00ABBF77 /* Build configuration list for PBXNativeTarget "FSQMessageForwarderTest" */ = {
			isa = XCConfigurationList;
			buildConfigurations = (
				F1C23BBD1ACE065B00ABBF77 /* Debug */,
				F1C23BBE1ACE065B00ABBF77 /* Release */,
			);
			defaultConfigurationIsVisible = 0;
			defaultConfigurationName = Release;
		};
/* End XCConfigurationList section */
	};
	rootObject = F1C23B911ACE065A00ABBF77 /* Project object */;
}
